github.com/matryer/is v1.2.0 h1:92UTHpy8CDwaJ08GqLDzhhuixiBUUD1p3AU6PHddz4A=
github.com/matryer/is v1.2.0/go.mod h1:2fLPjFQM9rhQ15aVEtbuwhJinnOqrmgXPNdZsdwlWXA=
github.com/pkg/errors v0.8.1 h1:iURUrRGxPUNPdy5/HRSm+Yj6okJ6UtLINN0Q9M4+h3I=
github.com/pkg/errors v0.8.1/go.mod h1:bwawxfHBFNV+L2hUp1rHADufV3IMtnDRdf1r5NINEl0=
github.com/str1ngs/jflect v0.0.0-20160330193300-13c4f307d0c9 h1:xNkcdpumJI0Xq7NIiHzPjUqQ8Alkk6aSNHKwrbwM2ro=
github.com/str1ngs/jflect v0.0.0-20160330193300-13c4f307d0c9/go.mod h1:L/2GZcnl0rlI9kjndy7PliIaWYvLGLKt6QGFGDxW9Tg=
